
Microsoft Visual Studio Solution File, Format Version 12.00
# Visual Studio Version 16
VisualStudioVersion = 16.0.31729.503
MinimumVisualStudioVersion = 10.0.40219.1
Project("{FAE04EC0-301F-11D3-BF4B-00C04F79EFBC}") = "openTK3", "openTK3\openTK3.csproj", "{A7977BD6-F4C9-4C5B-B05C-54CDF5C0467B}"
EndProject
Global
	GlobalSection(SolutionConfigurationPlatforms) = preSolution
		Debug|Any CPU = Debug|Any CPU
		Release|Any CPU = Release|Any CPU
	EndGlobalSection
	GlobalSection(ProjectConfigurationPlatforms) = postSolution
		{A7977BD6-F4C9-4C5B-B05C-54CDF5C0467B}.Debug|Any CPU.ActiveCfg = Debug|Any CPU
		{A7977BD6-F4C9-4C5B-B05C-54CDF5C0467B}.Debug|Any CPU.Build.0 = Debug|Any CPU
		{A7977BD6-F4C9-4C5B-B05C-54CDF5C0467B}.Release|Any CPU.ActiveCfg = Release|Any CPU
		{A7977BD6-F4C9-4C5B-B05C-54CDF5C0467B}.Release|Any CPU.Build.0 = Release|Any CPU
	EndGlobalSection
	GlobalSection(SolutionProperties) = preSolution
		HideSolutionNode = FALSE
	EndGlobalSection
	GlobalSection(ExtensibilityGlobals) = postSolution
		SolutionGuid = {35CD2C4B-3693-49FE-9307-03E1BA5384D0}
	EndGlobalSection
EndGlobal
