
Microsoft Visual Studio Solution File, Format Version 12.00
# Visual Studio Version 16
VisualStudioVersion = 16.0.31729.503
MinimumVisualStudioVersion = 10.0.40219.1
Project("{FAE04EC0-301F-11D3-BF4B-00C04F79EFBC}") = "openTK2", "openTK2\openTK2.csproj", "{2490F17E-8E27-4C86-AB59-92186CCC4E43}"
EndProject
Global
	GlobalSection(SolutionConfigurationPlatforms) = preSolution
		Debug|Any CPU = Debug|Any CPU
		Release|Any CPU = Release|Any CPU
	EndGlobalSection
	GlobalSection(ProjectConfigurationPlatforms) = postSolution
		{2490F17E-8E27-4C86-AB59-92186CCC4E43}.Debug|Any CPU.ActiveCfg = Debug|Any CPU
		{2490F17E-8E27-4C86-AB59-92186CCC4E43}.Debug|Any CPU.Build.0 = Debug|Any CPU
		{2490F17E-8E27-4C86-AB59-92186CCC4E43}.Release|Any CPU.ActiveCfg = Release|Any CPU
		{2490F17E-8E27-4C86-AB59-92186CCC4E43}.Release|Any CPU.Build.0 = Release|Any CPU
	EndGlobalSection
	GlobalSection(SolutionProperties) = preSolution
		HideSolutionNode = FALSE
	EndGlobalSection
	GlobalSection(ExtensibilityGlobals) = postSolution
		SolutionGuid = {A5474EB6-C9A1-4A77-A343-C2AF7CB5798A}
	EndGlobalSection
EndGlobal
