
Microsoft Visual Studio Solution File, Format Version 12.00
# Visual Studio Version 16
VisualStudioVersion = 16.0.31729.503
MinimumVisualStudioVersion = 10.0.40219.1
Project("{FAE04EC0-301F-11D3-BF4B-00C04F79EFBC}") = "openGLFirstTest", "openGLFirstTest\openGLFirstTest.csproj", "{D1EA7C33-9684-4E03-8B7F-0B38886CE71F}"
EndProject
Global
	GlobalSection(SolutionConfigurationPlatforms) = preSolution
		Debug|Any CPU = Debug|Any CPU
		Release|Any CPU = Release|Any CPU
	EndGlobalSection
	GlobalSection(ProjectConfigurationPlatforms) = postSolution
		{D1EA7C33-9684-4E03-8B7F-0B38886CE71F}.Debug|Any CPU.ActiveCfg = Debug|Any CPU
		{D1EA7C33-9684-4E03-8B7F-0B38886CE71F}.Debug|Any CPU.Build.0 = Debug|Any CPU
		{D1EA7C33-9684-4E03-8B7F-0B38886CE71F}.Release|Any CPU.ActiveCfg = Release|Any CPU
		{D1EA7C33-9684-4E03-8B7F-0B38886CE71F}.Release|Any CPU.Build.0 = Release|Any CPU
	EndGlobalSection
	GlobalSection(SolutionProperties) = preSolution
		HideSolutionNode = FALSE
	EndGlobalSection
	GlobalSection(ExtensibilityGlobals) = postSolution
		SolutionGuid = {80AFA8D8-16EB-4E50-9FE9-8A9E212503BF}
	EndGlobalSection
EndGlobal
