
Microsoft Visual Studio Solution File, Format Version 12.00
# Visual Studio Version 16
VisualStudioVersion = 16.0.31729.503
MinimumVisualStudioVersion = 10.0.40219.1
Project("{FAE04EC0-301F-11D3-BF4B-00C04F79EFBC}") = "openTK4", "openTK4\openTK4.csproj", "{8E38BBE0-8F10-4F41-A687-43E2DC8D7807}"
EndProject
Global
	GlobalSection(SolutionConfigurationPlatforms) = preSolution
		Debug|Any CPU = Debug|Any CPU
		Release|Any CPU = Release|Any CPU
	EndGlobalSection
	GlobalSection(ProjectConfigurationPlatforms) = postSolution
		{8E38BBE0-8F10-4F41-A687-43E2DC8D7807}.Debug|Any CPU.ActiveCfg = Debug|Any CPU
		{8E38BBE0-8F10-4F41-A687-43E2DC8D7807}.Debug|Any CPU.Build.0 = Debug|Any CPU
		{8E38BBE0-8F10-4F41-A687-43E2DC8D7807}.Release|Any CPU.ActiveCfg = Release|Any CPU
		{8E38BBE0-8F10-4F41-A687-43E2DC8D7807}.Release|Any CPU.Build.0 = Release|Any CPU
	EndGlobalSection
	GlobalSection(SolutionProperties) = preSolution
		HideSolutionNode = FALSE
	EndGlobalSection
	GlobalSection(ExtensibilityGlobals) = postSolution
		SolutionGuid = {F86CEBA4-DE15-4D44-AB81-C0915D609D63}
	EndGlobalSection
EndGlobal
